Microsoft Visual Studio Solution File, Format Version 12.00
# Visual Studio Version 17
VisualStudioVersion = 17.5.2.0
MinimumVisualStudioVersion = 10.0.40219.1
Project("{FAE04EC0-301F-11D3-BF4B-00C04F79EFBC}") = "LuanVan", "LuanVan.csproj", "{D6C6B289-FB75-93B1-B53A-E754740B5B43}"
EndProject
Global
	GlobalSection(SolutionConfigurationPlatforms) = preSolution
		Debug|Any CPU = Debug|Any CPU
		Release|Any CPU = Release|Any CPU
	EndGlobalSection
	GlobalSection(ProjectConfigurationPlatforms) = postSolution
		{D6C6B289-FB75-93B1-B53A-E754740B5B43}.Debug|Any CPU.ActiveCfg = Debug|Any CPU
		{D6C6B289-FB75-93B1-B53A-E754740B5B43}.Debug|Any CPU.Build.0 = Debug|Any CPU
		{D6C6B289-FB75-93B1-B53A-E754740B5B43}.Release|Any CPU.ActiveCfg = Release|Any CPU
		{D6C6B289-FB75-93B1-B53A-E754740B5B43}.Release|Any CPU.Build.0 = Release|Any CPU
	EndGlobalSection
	GlobalSection(SolutionProperties) = preSolution
		HideSolutionNode = FALSE
	EndGlobalSection
	GlobalSection(ExtensibilityGlobals) = postSolution
		SolutionGuid = {A8CD53E5-1D7E-499D-A6E0-BF9F8FB346F5}
	EndGlobalSection
EndGlobal
